
Microsoft Visual Studio Solution File, Format Version 12.00
# Visual Studio Version 17
VisualStudioVersion = 17.10.35013.160
MinimumVisualStudioVersion = 10.0.40219.1
Project("{FAE04EC0-301F-11D3-BF4B-00C04F79EFBC}") = "WebApplication3", "WebApplication3\WebApplication3.csproj", "{28DFF85E-6D24-4BB1-AF9C-2B735E625C05}"
EndProject
Global
	GlobalSection(SolutionConfigurationPlatforms) = preSolution
		Debug|Any CPU = Debug|Any CPU
		Release|Any CPU = Release|Any CPU
	EndGlobalSection
	GlobalSection(ProjectConfigurationPlatforms) = postSolution
		{28DFF85E-6D24-4BB1-AF9C-2B735E625C05}.Debug|Any CPU.ActiveCfg = Debug|Any CPU
		{28DFF85E-6D24-4BB1-AF9C-2B735E625C05}.Debug|Any CPU.Build.0 = Debug|Any CPU
		{28DFF85E-6D24-4BB1-AF9C-2B735E625C05}.Release|Any CPU.ActiveCfg = Release|Any CPU
		{28DFF85E-6D24-4BB1-AF9C-2B735E625C05}.Release|Any CPU.Build.0 = Release|Any CPU
	EndGlobalSection
	GlobalSection(SolutionProperties) = preSolution
		HideSolutionNode = FALSE
	EndGlobalSection
	GlobalSection(ExtensibilityGlobals) = postSolution
		SolutionGuid = {8ABA6957-2957-4BD4-9AA5-48EBBCA47B62}
	EndGlobalSection
EndGlobal
